
Microsoft Visual Studio Solution File, Format Version 12.00
# Visual Studio 15
VisualStudioVersion = 15.0.28307.2092
MinimumVisualStudioVersion = 10.0.40219.1
Project("{F184B08F-C81C-45F6-A57F-5ABD9991F28F}") = "SampleGuiApp", "SampleGuiApp\SampleGuiApp.vbproj", "{FB250C67-C702-469F-BA1B-0CFD9CD49F2D}"
EndProject
Project("{F184B08F-C81C-45F6-A57F-5ABD9991F28F}") = "SampleConsoleApp1", "..\SampleConsoleApp1\SampleConsoleApp1.vbproj", "{10EBA8C7-50D7-40A8-8213-8667B6DFC2B9}"
EndProject
Global
	GlobalSection(SolutionConfigurationPlatforms) = preSolution
		Debug|Any CPU = Debug|Any CPU
		Release|Any CPU = Release|Any CPU
	EndGlobalSection
	GlobalSection(ProjectConfigurationPlatforms) = postSolution
		{FB250C67-C702-469F-BA1B-0CFD9CD49F2D}.Debug|Any CPU.ActiveCfg = Debug|Any CPU
		{FB250C67-C702-469F-BA1B-0CFD9CD49F2D}.Debug|Any CPU.Build.0 = Debug|Any CPU
		{FB250C67-C702-469F-BA1B-0CFD9CD49F2D}.Release|Any CPU.ActiveCfg = Release|Any CPU
		{FB250C67-C702-469F-BA1B-0CFD9CD49F2D}.Release|Any CPU.Build.0 = Release|Any CPU
		{10EBA8C7-50D7-40A8-8213-8667B6DFC2B9}.Debug|Any CPU.ActiveCfg = Debug|Any CPU
		{10EBA8C7-50D7-40A8-8213-8667B6DFC2B9}.Debug|Any CPU.Build.0 = Debug|Any CPU
		{10EBA8C7-50D7-40A8-8213-8667B6DFC2B9}.Release|Any CPU.ActiveCfg = Release|Any CPU
		{10EBA8C7-50D7-40A8-8213-8667B6DFC2B9}.Release|Any CPU.Build.0 = Release|Any CPU
	EndGlobalSection
	GlobalSection(SolutionProperties) = preSolution
		HideSolutionNode = FALSE
	EndGlobalSection
	GlobalSection(ExtensibilityGlobals) = postSolution
		SolutionGuid = {D5856E96-6731-41EA-9BA8-1DE3B3177F22}
	EndGlobalSection
EndGlobal
